
Microsoft Visual Studio Solution File, Format Version 12.00
# Visual Studio Version 16
VisualStudioVersion = 16.0.31005.135
MinimumVisualStudioVersion = 10.0.40219.1
Project("{9A19103F-16F7-4668-BE54-9A1E7A4F7556}") = "2DLogicGame", "2DLogicGame\2DLogicGame.csproj", "{D360E8D4-5428-4BB6-960C-7FA37A19F84E}"
EndProject
Project("{9A19103F-16F7-4668-BE54-9A1E7A4F7556}") = "XMLData", "XMLData\XMLData.csproj", "{00EB956C-4AD0-491C-9E26-3D67D40A42C2}"
EndProject
Project("{9A19103F-16F7-4668-BE54-9A1E7A4F7556}") = "LevelCreator", "LevelCreator\LevelCreator.csproj", "{A300462B-929A-4F85-90C1-D7D577E5CDB0}"
EndProject
Project("{9A19103F-16F7-4668-BE54-9A1E7A4F7556}") = "2DLogicGameUnit", "2DLogicGameUnit\2DLogicGameUnit.csproj", "{5AB4D011-CAEB-4CAC-83BB-C98493310604}"
EndProject
Global
	GlobalSection(SolutionConfigurationPlatforms) = preSolution
		Debug|Any CPU = Debug|Any CPU
		Release|Any CPU = Release|Any CPU
	EndGlobalSection
	GlobalSection(ProjectConfigurationPlatforms) = postSolution
		{D360E8D4-5428-4BB6-960C-7FA37A19F84E}.Debug|Any CPU.ActiveCfg = Debug|Any CPU
		{D360E8D4-5428-4BB6-960C-7FA37A19F84E}.Debug|Any CPU.Build.0 = Debug|Any CPU
		{D360E8D4-5428-4BB6-960C-7FA37A19F84E}.Release|Any CPU.ActiveCfg = Release|Any CPU
		{D360E8D4-5428-4BB6-960C-7FA37A19F84E}.Release|Any CPU.Build.0 = Release|Any CPU
		{00EB956C-4AD0-491C-9E26-3D67D40A42C2}.Debug|Any CPU.ActiveCfg = Debug|Any CPU
		{00EB956C-4AD0-491C-9E26-3D67D40A42C2}.Debug|Any CPU.Build.0 = Debug|Any CPU
		{00EB956C-4AD0-491C-9E26-3D67D40A42C2}.Release|Any CPU.ActiveCfg = Release|Any CPU
		{00EB956C-4AD0-491C-9E26-3D67D40A42C2}.Release|Any CPU.Build.0 = Release|Any CPU
		{A300462B-929A-4F85-90C1-D7D577E5CDB0}.Debug|Any CPU.ActiveCfg = Debug|Any CPU
		{A300462B-929A-4F85-90C1-D7D577E5CDB0}.Debug|Any CPU.Build.0 = Debug|Any CPU
		{A300462B-929A-4F85-90C1-D7D577E5CDB0}.Release|Any CPU.ActiveCfg = Release|Any CPU
		{A300462B-929A-4F85-90C1-D7D577E5CDB0}.Release|Any CPU.Build.0 = Release|Any CPU
		{5AB4D011-CAEB-4CAC-83BB-C98493310604}.Debug|Any CPU.ActiveCfg = Debug|Any CPU
		{5AB4D011-CAEB-4CAC-83BB-C98493310604}.Debug|Any CPU.Build.0 = Debug|Any CPU
		{5AB4D011-CAEB-4CAC-83BB-C98493310604}.Release|Any CPU.ActiveCfg = Release|Any CPU
		{5AB4D011-CAEB-4CAC-83BB-C98493310604}.Release|Any CPU.Build.0 = Release|Any CPU
	EndGlobalSection
	GlobalSection(SolutionProperties) = preSolution
		HideSolutionNode = FALSE
	EndGlobalSection
	GlobalSection(ExtensibilityGlobals) = postSolution
		SolutionGuid = {384ED757-DCD4-4D57-A326-5F26816B6C76}
	EndGlobalSection
EndGlobal
